
Microsoft Visual Studio Solution File, Format Version 12.00
# Visual Studio 2013
VisualStudioVersion = 12.0.30723.0
MinimumVisualStudioVersion = 10.0.40219.1
Project("{FAE04EC0-301F-11D3-BF4B-00C04F79EFBC}") = "ConsoleApplication1", "ConsoleApplication1\ConsoleApplication1.csproj", "{CCC98313-E7A7-4FB7-B861-DF6130019FD0}"
EndProject
Project("{FAE04EC0-301F-11D3-BF4B-00C04F79EFBC}") = "DP-25_ole", "DP-25_ole\DP-25_ole.csproj", "{A430CC3A-0094-4680-89D2-63A94B2ED453}"
EndProject
Global
	GlobalSection(SolutionConfigurationPlatforms) = preSolution
		Debug|Any CPU = Debug|Any CPU
		Release|Any CPU = Release|Any CPU
	EndGlobalSection
	GlobalSection(ProjectConfigurationPlatforms) = postSolution
		{CCC98313-E7A7-4FB7-B861-DF6130019FD0}.Debug|Any CPU.ActiveCfg = Debug|Any CPU
		{CCC98313-E7A7-4FB7-B861-DF6130019FD0}.Debug|Any CPU.Build.0 = Debug|Any CPU
		{CCC98313-E7A7-4FB7-B861-DF6130019FD0}.Release|Any CPU.ActiveCfg = Release|Any CPU
		{CCC98313-E7A7-4FB7-B861-DF6130019FD0}.Release|Any CPU.Build.0 = Release|Any CPU
		{A430CC3A-0094-4680-89D2-63A94B2ED453}.Debug|Any CPU.ActiveCfg = Debug|Any CPU
		{A430CC3A-0094-4680-89D2-63A94B2ED453}.Debug|Any CPU.Build.0 = Debug|Any CPU
		{A430CC3A-0094-4680-89D2-63A94B2ED453}.Release|Any CPU.ActiveCfg = Release|Any CPU
		{A430CC3A-0094-4680-89D2-63A94B2ED453}.Release|Any CPU.Build.0 = Release|Any CPU
	EndGlobalSection
	GlobalSection(SolutionProperties) = preSolution
		HideSolutionNode = FALSE
	EndGlobalSection
EndGlobal
